
Microsoft Visual Studio Solution File, Format Version 12.00
# Visual Studio 15
Project("{FAE04EC0-301F-11D3-BF4B-00C04F79EFBC}") = "ColorFeature", "ColorFeature\ColorFeature.csproj", "{BEB17CC5-7A41-4D3A-B54F-2CE1B180A2A0}"
EndProject
Global
	GlobalSection(SolutionConfigurationPlatforms) = preSolution
		Debug|iPhoneSimulator = Debug|iPhoneSimulator
		Release|iPhoneSimulator = Release|iPhoneSimulator
		Debug|iPhone = Debug|iPhone
		Release|iPhone = Release|iPhone
	EndGlobalSection
	GlobalSection(ProjectConfigurationPlatforms) = postSolution
		{BEB17CC5-7A41-4D3A-B54F-2CE1B180A2A0}.Debug|iPhoneSimulator.ActiveCfg = Debug|iPhoneSimulator
		{BEB17CC5-7A41-4D3A-B54F-2CE1B180A2A0}.Debug|iPhoneSimulator.Build.0 = Debug|iPhoneSimulator
		{BEB17CC5-7A41-4D3A-B54F-2CE1B180A2A0}.Release|iPhoneSimulator.ActiveCfg = Release|iPhoneSimulator
		{BEB17CC5-7A41-4D3A-B54F-2CE1B180A2A0}.Release|iPhoneSimulator.Build.0 = Release|iPhoneSimulator
		{BEB17CC5-7A41-4D3A-B54F-2CE1B180A2A0}.Debug|iPhone.ActiveCfg = Debug|iPhone
		{BEB17CC5-7A41-4D3A-B54F-2CE1B180A2A0}.Debug|iPhone.Build.0 = Debug|iPhone
		{BEB17CC5-7A41-4D3A-B54F-2CE1B180A2A0}.Release|iPhone.ActiveCfg = Release|iPhone
		{BEB17CC5-7A41-4D3A-B54F-2CE1B180A2A0}.Release|iPhone.Build.0 = Release|iPhone
	EndGlobalSection
EndGlobal
